
Microsoft Visual Studio Solution File, Format Version 12.00
Project("{FAE04EC0-301F-11D3-BF4B-00C04F79EFBC}") = "Picsum", "Picsum\Picsum.csproj", "{0364C848-5517-47F0-A3A2-1B4897686E39}"
EndProject
Project("{FAE04EC0-301F-11D3-BF4B-00C04F79EFBC}") = "Picsum.Test", "Picsum.Test\Picsum.Test.csproj", "{0A5AAFB8-AC70-4B10-BCD6-F8D20C7F944A}"
EndProject
Global
	GlobalSection(SolutionConfigurationPlatforms) = preSolution
		Debug|Any CPU = Debug|Any CPU
		Release|Any CPU = Release|Any CPU
	EndGlobalSection
	GlobalSection(ProjectConfigurationPlatforms) = postSolution
		{0364C848-5517-47F0-A3A2-1B4897686E39}.Debug|Any CPU.ActiveCfg = Debug|Any CPU
		{0364C848-5517-47F0-A3A2-1B4897686E39}.Debug|Any CPU.Build.0 = Debug|Any CPU
		{0364C848-5517-47F0-A3A2-1B4897686E39}.Release|Any CPU.ActiveCfg = Release|Any CPU
		{0364C848-5517-47F0-A3A2-1B4897686E39}.Release|Any CPU.Build.0 = Release|Any CPU
		{0A5AAFB8-AC70-4B10-BCD6-F8D20C7F944A}.Debug|Any CPU.ActiveCfg = Debug|Any CPU
		{0A5AAFB8-AC70-4B10-BCD6-F8D20C7F944A}.Debug|Any CPU.Build.0 = Debug|Any CPU
		{0A5AAFB8-AC70-4B10-BCD6-F8D20C7F944A}.Release|Any CPU.ActiveCfg = Release|Any CPU
		{0A5AAFB8-AC70-4B10-BCD6-F8D20C7F944A}.Release|Any CPU.Build.0 = Release|Any CPU
	EndGlobalSection
EndGlobal
